
Microsoft Visual Studio Solution File, Format Version 12.00
# Visual Studio Version 17
VisualStudioVersion = 17.3.32922.545
MinimumVisualStudioVersion = 10.0.40219.1
Project("{8BC9CEB8-8B4A-11D0-8D11-00A0C91BC942}") = "CppPointers", "CppPointers\CppPointers.vcxproj", "{0BC1C7DE-E582-4CC3-AABD-38C292BDBB7D}"
EndProject
Global
	GlobalSection(SolutionConfigurationPlatforms) = preSolution
		Debug|x64 = Debug|x64
		Debug|x86 = Debug|x86
		Release|x64 = Release|x64
		Release|x86 = Release|x86
	EndGlobalSection
	GlobalSection(ProjectConfigurationPlatforms) = postSolution
		{0BC1C7DE-E582-4CC3-AABD-38C292BDBB7D}.Debug|x64.ActiveCfg = Debug|x64
		{0BC1C7DE-E582-4CC3-AABD-38C292BDBB7D}.Debug|x64.Build.0 = Debug|x64
		{0BC1C7DE-E582-4CC3-AABD-38C292BDBB7D}.Debug|x86.ActiveCfg = Debug|Win32
		{0BC1C7DE-E582-4CC3-AABD-38C292BDBB7D}.Debug|x86.Build.0 = Debug|Win32
		{0BC1C7DE-E582-4CC3-AABD-38C292BDBB7D}.Release|x64.ActiveCfg = Release|x64
		{0BC1C7DE-E582-4CC3-AABD-38C292BDBB7D}.Release|x64.Build.0 = Release|x64
		{0BC1C7DE-E582-4CC3-AABD-38C292BDBB7D}.Release|x86.ActiveCfg = Release|Win32
		{0BC1C7DE-E582-4CC3-AABD-38C292BDBB7D}.Release|x86.Build.0 = Release|Win32
	EndGlobalSection
	GlobalSection(SolutionProperties) = preSolution
		HideSolutionNode = FALSE
	EndGlobalSection
	GlobalSection(ExtensibilityGlobals) = postSolution
		SolutionGuid = {4E9E2ED4-5F2B-4D93-8D03-CCA464D87B6C}
	EndGlobalSection
EndGlobal
